
Microsoft Visual Studio Solution File, Format Version 12.00
# Visual Studio Version 17
VisualStudioVersion = 17.6.33417.168
MinimumVisualStudioVersion = 10.0.40219.1
Project("{9A19103F-16F7-4668-BE54-9A1E7A4F7556}") = "Wan24-Core", "Wan24-Core\Wan24-Core.csproj", "{2F943AE5-D1BD-4488-B3B8-3C64C7FB8D3B}"
EndProject
Project("{9A19103F-16F7-4668-BE54-9A1E7A4F7556}") = "Wan24-Core Benchmark Tests", "Wan24-Core Benchmark Tests\Wan24-Core Benchmark Tests.csproj", "{D978D7AA-2F6F-4E40-A199-A712193B9E48}"
EndProject
Project("{9A19103F-16F7-4668-BE54-9A1E7A4F7556}") = "Wan24-Core-Validation", "Wan24-Core-Validation\Wan24-Core-Validation.csproj", "{E973E099-DCA5-4135-8604-29751EBC51BF}"
EndProject
Project("{FAE04EC0-301F-11D3-BF4B-00C04F79EFBC}") = "Wan24-Core Tests", "Wan24-Core Tests\Wan24-Core Tests.csproj", "{6CF06828-30C2-4A76-8E65-B74E35A1E698}"
EndProject
Project("{9A19103F-16F7-4668-BE54-9A1E7A4F7556}") = "ObjectValidation", "..\..\ObjectValidation\src\ObjectValidation\ObjectValidation.csproj", "{B3A3709B-6950-42C1-8DBD-1A331A77F4FE}"
EndProject
Project("{FAE04EC0-301F-11D3-BF4B-00C04F79EFBC}") = "Wan24-Core-Validation Tests", "Wan24-Core-Validation Tests\Wan24-Core-Validation Tests.csproj", "{44639A1B-E8B2-439C-A0C2-858E35674361}"
EndProject
Global
	GlobalSection(SolutionConfigurationPlatforms) = preSolution
		Debug|Any CPU = Debug|Any CPU
		Release|Any CPU = Release|Any CPU
		Trunk|Any CPU = Trunk|Any CPU
	EndGlobalSection
	GlobalSection(ProjectConfigurationPlatforms) = postSolution
		{2F943AE5-D1BD-4488-B3B8-3C64C7FB8D3B}.Debug|Any CPU.ActiveCfg = Debug|Any CPU
		{2F943AE5-D1BD-4488-B3B8-3C64C7FB8D3B}.Debug|Any CPU.Build.0 = Debug|Any CPU
		{2F943AE5-D1BD-4488-B3B8-3C64C7FB8D3B}.Release|Any CPU.ActiveCfg = Release|Any CPU
		{2F943AE5-D1BD-4488-B3B8-3C64C7FB8D3B}.Release|Any CPU.Build.0 = Release|Any CPU
		{2F943AE5-D1BD-4488-B3B8-3C64C7FB8D3B}.Trunk|Any CPU.ActiveCfg = Trunk|Any CPU
		{2F943AE5-D1BD-4488-B3B8-3C64C7FB8D3B}.Trunk|Any CPU.Build.0 = Trunk|Any CPU
		{D978D7AA-2F6F-4E40-A199-A712193B9E48}.Debug|Any CPU.ActiveCfg = Debug|Any CPU
		{D978D7AA-2F6F-4E40-A199-A712193B9E48}.Release|Any CPU.ActiveCfg = Release|Any CPU
		{D978D7AA-2F6F-4E40-A199-A712193B9E48}.Trunk|Any CPU.ActiveCfg = Trunk|Any CPU
		{E973E099-DCA5-4135-8604-29751EBC51BF}.Debug|Any CPU.ActiveCfg = Debug|Any CPU
		{E973E099-DCA5-4135-8604-29751EBC51BF}.Debug|Any CPU.Build.0 = Debug|Any CPU
		{E973E099-DCA5-4135-8604-29751EBC51BF}.Release|Any CPU.ActiveCfg = Release|Any CPU
		{E973E099-DCA5-4135-8604-29751EBC51BF}.Release|Any CPU.Build.0 = Release|Any CPU
		{E973E099-DCA5-4135-8604-29751EBC51BF}.Trunk|Any CPU.ActiveCfg = Trunk|Any CPU
		{E973E099-DCA5-4135-8604-29751EBC51BF}.Trunk|Any CPU.Build.0 = Trunk|Any CPU
		{6CF06828-30C2-4A76-8E65-B74E35A1E698}.Debug|Any CPU.ActiveCfg = Debug|Any CPU
		{6CF06828-30C2-4A76-8E65-B74E35A1E698}.Debug|Any CPU.Build.0 = Debug|Any CPU
		{6CF06828-30C2-4A76-8E65-B74E35A1E698}.Release|Any CPU.ActiveCfg = Release|Any CPU
		{6CF06828-30C2-4A76-8E65-B74E35A1E698}.Release|Any CPU.Build.0 = Release|Any CPU
		{6CF06828-30C2-4A76-8E65-B74E35A1E698}.Trunk|Any CPU.ActiveCfg = Trunk|Any CPU
		{6CF06828-30C2-4A76-8E65-B74E35A1E698}.Trunk|Any CPU.Build.0 = Trunk|Any CPU
		{B3A3709B-6950-42C1-8DBD-1A331A77F4FE}.Debug|Any CPU.ActiveCfg = Debug|Any CPU
		{B3A3709B-6950-42C1-8DBD-1A331A77F4FE}.Release|Any CPU.ActiveCfg = Release|Any CPU
		{B3A3709B-6950-42C1-8DBD-1A331A77F4FE}.Trunk|Any CPU.ActiveCfg = Trunk|Any CPU
		{B3A3709B-6950-42C1-8DBD-1A331A77F4FE}.Trunk|Any CPU.Build.0 = Trunk|Any CPU
		{44639A1B-E8B2-439C-A0C2-858E35674361}.Debug|Any CPU.ActiveCfg = Debug|Any CPU
		{44639A1B-E8B2-439C-A0C2-858E35674361}.Debug|Any CPU.Build.0 = Debug|Any CPU
		{44639A1B-E8B2-439C-A0C2-858E35674361}.Release|Any CPU.ActiveCfg = Release|Any CPU
		{44639A1B-E8B2-439C-A0C2-858E35674361}.Release|Any CPU.Build.0 = Release|Any CPU
		{44639A1B-E8B2-439C-A0C2-858E35674361}.Trunk|Any CPU.ActiveCfg = Debug|Any CPU
		{44639A1B-E8B2-439C-A0C2-858E35674361}.Trunk|Any CPU.Build.0 = Debug|Any CPU
	EndGlobalSection
	GlobalSection(SolutionProperties) = preSolution
		HideSolutionNode = FALSE
	EndGlobalSection
	GlobalSection(ExtensibilityGlobals) = postSolution
		SolutionGuid = {48BC12D6-0419-474B-933B-E06B49F6226D}
	EndGlobalSection
EndGlobal
